PODS:
  - AFNetwork (0.1.0):
    - AFNetworking (~> 3.0)
  - AFNetworking (3.2.1):
    - AFNetworking/NSURLSession (= 3.2.1)
    - AFNetworking/Reachability (= 3.2.1)
    - AFNetworking/Security (= 3.2.1)
    - AFNetworking/Serialization (= 3.2.1)
    - AFNetworking/UIKit (= 3.2.1)
  - AFNetworking/NSURLSession (3.2.1):
    - AFNetworking/Reachability
    - AFNetworking/Security
    - AFNetworking/Serialization
  - AFNetworking/Reachability (3.2.1)
  - AFNetworking/Security (3.2.1)
  - AFNetworking/Serialization (3.2.1)
  - AFNetworking/UIKit (3.2.1):
    - AFNetworking/NSURLSession
  - DZNEmptyDataSet (1.8.1)
  - FlyImage (1.1):
    - AFNetworking (~> 3.1)
    - FlyImage/Core (= 1.1)
  - FlyImage/Core (1.1):
    - AFNetworking (~> 3.1)
  - Masonry (1.1.0)
  - SAMKeychain (1.5.3)
  - SDWebImage (5.0.3):
    - SDWebImage/Core (= 5.0.3)
  - SDWebImage/Core (5.0.3)

DEPENDENCIES:
  - AFNetwork
  - DZNEmptyDataSet
  - FlyImage (~> 1.0)
  - Masonry
  - SAMKeychain
  - SDWebImage

SPEC REPOS:
  trunk:
    - AFNetwork
    - AFNetworking
    - DZNEmptyDataSet
    - FlyImage
    - Masonry
    - SAMKeychain
    - SDWebImage

SPEC CHECKSUMS:
  AFNetwork: 0dbdb2ffb4a7770b3d1802dc85b50ab31263f2c2
  AFNetworking: b6f891fdfaed196b46c7a83cf209e09697b94057
  DZNEmptyDataSet: 9525833b9e68ac21c30253e1d3d7076cc828eaa7
  FlyImage: 1086dd5949e20633b8679ace9ab26a35462b9ab6
  Masonry: 678fab65091a9290e40e2832a55e7ab731aad201
  SAMKeychain: 483e1c9f32984d50ca961e26818a534283b4cd5c
  SDWebImage: d4f87d7d36c8a4d9f9459dc282e0caa057fdf935

PODFILE CHECKSUM: 4050fa039e4b7c53d102a43b3c3bffecaf4bf911

COCOAPODS: 1.11.3
